
Microsoft Visual Studio Solution File, Format Version 12.00
# Visual Studio Version 17
VisualStudioVersion = 17.0.32014.148
MinimumVisualStudioVersion = 10.0.40219.1
Project("{2150E333-8FDC-42A3-9474-1A3956D46DE8}") = "src", "src", "{8B502703-1E96-4D7A-A9B2-604EB2DC237A}"
EndProject
Project("{2150E333-8FDC-42A3-9474-1A3956D46DE8}") = "BootCamp", "BootCamp", "{C9529BA1-9C4B-4183-84BD-18B45A8EDED6}"
EndProject
Project("{2150E333-8FDC-42A3-9474-1A3956D46DE8}") = "01Week", "01Week", "{266444B4-9EE7-485C-A55D-CEB25D725E9A}"
EndProject
Project("{2150E333-8FDC-42A3-9474-1A3956D46DE8}") = "07.ReturnTypes", "07.ReturnTypes", "{458C2EFB-54D5-4797-B126-179E78219BD5}"
EndProject
Project("{9A19103F-16F7-4668-BE54-9A1E7A4F7556}") = "ReturnTypesExample", "ReturnTypesExample.csproj", "{2522246F-4C35-4A88-A6D9-9A1CC47A3F05}"
EndProject
Project("{2150E333-8FDC-42A3-9474-1A3956D46DE8}") = "08.TestWebApi", "08.TestWebApi", "{BD7AAA13-628C-4CD7-A748-6539C09523B1}"
EndProject
Project("{9A19103F-16F7-4668-BE54-9A1E7A4F7556}") = "TestWebApi", "..\..\08TestWebApi\TestWebApi\TestWebApi\TestWebApi.csproj", "{E386353A-4DD7-40D6-89DC-A2506EE4E358}"
EndProject
Project("{2150E333-8FDC-42A3-9474-1A3956D46DE8}") = "10.AccessModifiers_Field,_Property", "10.AccessModifiers_Field,_Property", "{B53A3ACF-5638-4B7D-A879-6D3E634980EE}"
EndProject
Project("{9A19103F-16F7-4668-BE54-9A1E7A4F7556}") = "AccessModifiers.Field.Property", "..\..\10AccessModifiers.Field.Property\AccessModifiers.Field.Property\AccessModifiers.Field.Property.csproj", "{63DB4919-ABD6-4D84-9E2C-83065BF734F8}"
EndProject
Project("{2150E333-8FDC-42A3-9474-1A3956D46DE8}") = "15.BindingSourceParameters", "15.BindingSourceParameters", "{F2433FF0-AD4D-4508-A8FE-0329A4EF7508}"
EndProject
Project("{9A19103F-16F7-4668-BE54-9A1E7A4F7556}") = "BindingSourceParameters", "..\..\15.BindingSourceParameters\BindingSourceParameters\BindingSourceParameters.csproj", "{C7E5EE42-22E1-4BC9-8462-BA737D69E4FD}"
EndProject
Project("{2150E333-8FDC-42A3-9474-1A3956D46DE8}") = "16.Get.Post.Put.Delete", "16.Get.Post.Put.Delete", "{BC62CD34-73B5-4E9B-9D99-C34FD0F34A8A}"
EndProject
Project("{9A19103F-16F7-4668-BE54-9A1E7A4F7556}") = "TodoApp", "..\..\16.Get.Post.Put.Delete\TodoApp\TodoApp.csproj", "{48F201B0-CE7D-4F1E-8A9A-F91AA4DA23DE}"
EndProject
Project("{2150E333-8FDC-42A3-9474-1A3956D46DE8}") = "17.Routing", "17.Routing", "{3D36FC6D-FFF8-4AEE-A751-2D248CC5C4E7}"
EndProject
Project("{9A19103F-16F7-4668-BE54-9A1E7A4F7556}") = "Routing", "..\..\17.Routing\Routing\Routing.csproj", "{AAC74616-8F27-4AF0-9B2F-651EAB7561D7}"
EndProject
Project("{2150E333-8FDC-42A3-9474-1A3956D46DE8}") = "02Week", "02Week", "{7FC24C95-0E2B-4381-BF83-F0F9D97F3D8E}"
EndProject
Project("{2150E333-8FDC-42A3-9474-1A3956D46DE8}") = "01.SQLDataTypes", "01.SQLDataTypes", "{1E000171-8695-41BB-B559-AE4785367C77}"
	ProjectSection(SolutionItems) = preProject
		SQLDataTypessql.sql = SQLDataTypessql.sql
	EndProjectSection
EndProject
Project("{2150E333-8FDC-42A3-9474-1A3956D46DE8}") = "08.Functions", "08.Functions", "{488FF9C1-43E9-4695-8AA6-8FAD3FAB793A}"
	ProjectSection(SolutionItems) = preProject
		CustomFunction.sql = CustomFunction.sql
		FunctionSql.sql = FunctionSql.sql
	EndProjectSection
EndProject
Project("{2150E333-8FDC-42A3-9474-1A3956D46DE8}") = "09.UserDefinedTypes", "09.UserDefinedTypes", "{9877E084-59D5-41F3-B9C3-36ACFAB264EB}"
	ProjectSection(SolutionItems) = preProject
		UserDefinedTypes.sql = UserDefinedTypes.sql
	EndProjectSection
EndProject
Project("{2150E333-8FDC-42A3-9474-1A3956D46DE8}") = "11.NTier", "11.NTier", "{51AC34F2-73B5-47B2-ADEA-61AC1360F5E8}"
EndProject
Project("{2150E333-8FDC-42A3-9474-1A3956D46DE8}") = "src", "src", "{0C6969F9-4F4B-413C-AD8B-A3FA5E476D1B}"
EndProject
Project("{2150E333-8FDC-42A3-9474-1A3956D46DE8}") = "Services", "Services", "{5AB674E5-754C-43EA-BDFA-47B54F9EFD5F}"
EndProject
Project("{2150E333-8FDC-42A3-9474-1A3956D46DE8}") = "Ordering", "Ordering", "{6A3F0094-27A5-4D48-ABF5-47D96B11CF35}"
EndProject
Project("{9A19103F-16F7-4668-BE54-9A1E7A4F7556}") = "Ordering.API", "..\..\..\02week\11.NTier\src\Services\Ordering\Ordering.API\Ordering.API.csproj", "{6EB53F7F-5407-4070-BC5D-B206334F3337}"
EndProject
Project("{9A19103F-16F7-4668-BE54-9A1E7A4F7556}") = "Ordering.Application", "..\..\..\02week\11.NTier\src\Services\Ordering\Ordering.Application\Ordering.Application.csproj", "{F7E125ED-E0D1-4673-819C-9DB91AC3BC51}"
EndProject
Project("{9A19103F-16F7-4668-BE54-9A1E7A4F7556}") = "Ordering.Domain", "..\..\..\02week\11.NTier\src\Services\Ordering\Ordering.Domain\Ordering.Domain.csproj", "{804EC1B5-4067-4A26-B563-6FD6A47A8EF7}"
EndProject
Project("{9A19103F-16F7-4668-BE54-9A1E7A4F7556}") = "Ordering.Infrastructure", "..\..\..\02week\11.NTier\src\Services\Ordering\Ordering.Infrastructure\Ordering.Infrastructure.csproj", "{141DF9C8-7065-477F-8852-FAAE473B953D}"
EndProject
Project("{2150E333-8FDC-42A3-9474-1A3956D46DE8}") = "13.Dapper", "13.Dapper", "{CF7C1161-853F-4A9A-B0A9-873E3C1B03E1}"
EndProject
Project("{9A19103F-16F7-4668-BE54-9A1E7A4F7556}") = "DapperTodoDemo.Web", "..\..\..\02week\13.Dapper\DapperTodoDemo.Web\DapperTodoDemo.Web.csproj", "{7CEC97C9-0F41-41A1-986F-6AFC079C8E24}"
EndProject
Project("{9A19103F-16F7-4668-BE54-9A1E7A4F7556}") = "DapperTodoDemo.Domain", "..\..\..\02week\13.Dapper\DapperTodoDemo.Domain\DapperTodoDemo.Domain.csproj", "{49C29F91-4750-4A9E-B056-4D56649B1342}"
EndProject
Project("{9A19103F-16F7-4668-BE54-9A1E7A4F7556}") = "DapperTodoDemo.Infrastructure", "..\..\..\02week\13.Dapper\DapperTodoDemo.Infrastructure\DapperTodoDemo.Infrastructure.csproj", "{E1B6F378-AFA1-468D-962F-FEC41297B7BB}"
EndProject
Project("{9A19103F-16F7-4668-BE54-9A1E7A4F7556}") = "DapperTodoDemo.Application", "..\..\..\02week\13.Dapper\DapperTodoDemo.Application\DapperTodoDemo.Application.csproj", "{29FB0253-4B62-40B7-A731-FCBAE49E02E2}"
EndProject
Project("{2150E333-8FDC-42A3-9474-1A3956D46DE8}") = "03Week", "03Week", "{8B8DD2AF-C5B0-489E-AFFB-9708A1384A7A}"
EndProject
Project("{2150E333-8FDC-42A3-9474-1A3956D46DE8}") = "01.Extentions", "01.Extentions", "{5F3D46A0-C435-4F98-AF9D-19C4C0DE8F0A}"
EndProject
Project("{9A19103F-16F7-4668-BE54-9A1E7A4F7556}") = "Extentions", "..\..\..\03Week\01.Extentions\Extentions\Extentions.csproj", "{27CA752D-9550-4D77-8F1D-8F487AB0013A}"
EndProject
Project("{2150E333-8FDC-42A3-9474-1A3956D46DE8}") = "02.Attribute .Reflection", "02.Attribute .Reflection", "{80935B80-ADCC-4937-A13B-CADCF5770F94}"
EndProject
Project("{9A19103F-16F7-4668-BE54-9A1E7A4F7556}") = "Attribute.Reflection", "..\..\..\03Week\02.Attribute .Reflection\Attribute .Reflection\Attribute.Reflection.csproj", "{F09EE713-A613-46BF-8423-634AEBA74839}"
EndProject
Project("{2150E333-8FDC-42A3-9474-1A3956D46DE8}") = "04.S.O.L.I.D", "04.S.O.L.I.D", "{AE72785E-A170-4A1C-8CC4-B816364E32B6}"
EndProject
Project("{9A19103F-16F7-4668-BE54-9A1E7A4F7556}") = "SOLID", "..\..\..\03week\04.SOLID\SOLID\SOLID.csproj", "{2223D744-4328-45A5-A43E-2B3ADF2F5094}"
EndProject
Project("{2150E333-8FDC-42A3-9474-1A3956D46DE8}") = "05.Abstraction.Interface", "05.Abstraction.Interface", "{4154FE41-1AE2-4814-B0D7-DA12A56A22FD}"
EndProject
Project("{9A19103F-16F7-4668-BE54-9A1E7A4F7556}") = "Abstraction.Interface", "..\..\..\03week\03.Abstraction.Interface\Abstraction.Interface\Abstraction.Interface.csproj", "{2BD1A8F6-44D2-470C-B51C-85F76DE68799}"
EndProject
Project("{2150E333-8FDC-42A3-9474-1A3956D46DE8}") = "07.Transient.Singleton.Scoped", "07.Transient.Singleton.Scoped", "{BA3A3AEA-9DC9-4210-AE42-B20605C42E87}"
EndProject
Project("{9A19103F-16F7-4668-BE54-9A1E7A4F7556}") = "Transient.Singleton.Scoped", "..\..\..\03week\07.Transient.Singleton.Scoped\Transient.Singleton.Scoped\Transient.Singleton.Scoped.csproj", "{46E0B344-CA32-4D14-ACA8-4A52D2882EA1}"
EndProject
Project("{2150E333-8FDC-42A3-9474-1A3956D46DE8}") = "08.Middleware", "08.Middleware", "{3E600DCB-210E-4244-B22D-6F0241E9948A}"
EndProject
Project("{FAE04EC0-301F-11D3-BF4B-00C04F79EFBC}") = "Middleware", "..\..\..\03week\08.Middleware\Middleware\Middleware.csproj", "{CF7ABF86-50B4-4492-B2B2-92BCC4D0A7BA}"
EndProject
Project("{2150E333-8FDC-42A3-9474-1A3956D46DE8}") = "12.Mapster", "12.Mapster", "{3AEDBE21-D66C-4B8E-A228-28DAF6F971E2}"
EndProject
Project("{FAE04EC0-301F-11D3-BF4B-00C04F79EFBC}") = "Mapster.Example", "..\..\..\03week\12.Mapster\Mapster\Mapster.Example.csproj", "{00808D3D-E9ED-4772-84DF-DCA2DBC21885}"
EndProject
Global
	GlobalSection(SolutionConfigurationPlatforms) = preSolution
		Debug|Any CPU = Debug|Any CPU
		Release|Any CPU = Release|Any CPU
	EndGlobalSection
	GlobalSection(ProjectConfigurationPlatforms) = postSolution
		{2522246F-4C35-4A88-A6D9-9A1CC47A3F05}.Debug|Any CPU.ActiveCfg = Debug|Any CPU
		{2522246F-4C35-4A88-A6D9-9A1CC47A3F05}.Debug|Any CPU.Build.0 = Debug|Any CPU
		{2522246F-4C35-4A88-A6D9-9A1CC47A3F05}.Release|Any CPU.ActiveCfg = Release|Any CPU
		{2522246F-4C35-4A88-A6D9-9A1CC47A3F05}.Release|Any CPU.Build.0 = Release|Any CPU
		{E386353A-4DD7-40D6-89DC-A2506EE4E358}.Debug|Any CPU.ActiveCfg = Debug|Any CPU
		{E386353A-4DD7-40D6-89DC-A2506EE4E358}.Debug|Any CPU.Build.0 = Debug|Any CPU
		{E386353A-4DD7-40D6-89DC-A2506EE4E358}.Release|Any CPU.ActiveCfg = Release|Any CPU
		{E386353A-4DD7-40D6-89DC-A2506EE4E358}.Release|Any CPU.Build.0 = Release|Any CPU
		{63DB4919-ABD6-4D84-9E2C-83065BF734F8}.Debug|Any CPU.ActiveCfg = Debug|Any CPU
		{63DB4919-ABD6-4D84-9E2C-83065BF734F8}.Debug|Any CPU.Build.0 = Debug|Any CPU
		{63DB4919-ABD6-4D84-9E2C-83065BF734F8}.Release|Any CPU.ActiveCfg = Release|Any CPU
		{63DB4919-ABD6-4D84-9E2C-83065BF734F8}.Release|Any CPU.Build.0 = Release|Any CPU
		{C7E5EE42-22E1-4BC9-8462-BA737D69E4FD}.Debug|Any CPU.ActiveCfg = Debug|Any CPU
		{C7E5EE42-22E1-4BC9-8462-BA737D69E4FD}.Debug|Any CPU.Build.0 = Debug|Any CPU
		{C7E5EE42-22E1-4BC9-8462-BA737D69E4FD}.Release|Any CPU.ActiveCfg = Release|Any CPU
		{C7E5EE42-22E1-4BC9-8462-BA737D69E4FD}.Release|Any CPU.Build.0 = Release|Any CPU
		{48F201B0-CE7D-4F1E-8A9A-F91AA4DA23DE}.Debug|Any CPU.ActiveCfg = Debug|Any CPU
		{48F201B0-CE7D-4F1E-8A9A-F91AA4DA23DE}.Debug|Any CPU.Build.0 = Debug|Any CPU
		{48F201B0-CE7D-4F1E-8A9A-F91AA4DA23DE}.Release|Any CPU.ActiveCfg = Release|Any CPU
		{48F201B0-CE7D-4F1E-8A9A-F91AA4DA23DE}.Release|Any CPU.Build.0 = Release|Any CPU
		{AAC74616-8F27-4AF0-9B2F-651EAB7561D7}.Debug|Any CPU.ActiveCfg = Debug|Any CPU
		{AAC74616-8F27-4AF0-9B2F-651EAB7561D7}.Debug|Any CPU.Build.0 = Debug|Any CPU
		{AAC74616-8F27-4AF0-9B2F-651EAB7561D7}.Release|Any CPU.ActiveCfg = Release|Any CPU
		{AAC74616-8F27-4AF0-9B2F-651EAB7561D7}.Release|Any CPU.Build.0 = Release|Any CPU
		{6EB53F7F-5407-4070-BC5D-B206334F3337}.Debug|Any CPU.ActiveCfg = Debug|Any CPU
		{6EB53F7F-5407-4070-BC5D-B206334F3337}.Debug|Any CPU.Build.0 = Debug|Any CPU
		{6EB53F7F-5407-4070-BC5D-B206334F3337}.Release|Any CPU.ActiveCfg = Release|Any CPU
		{6EB53F7F-5407-4070-BC5D-B206334F3337}.Release|Any CPU.Build.0 = Release|Any CPU
		{F7E125ED-E0D1-4673-819C-9DB91AC3BC51}.Debug|Any CPU.ActiveCfg = Debug|Any CPU
		{F7E125ED-E0D1-4673-819C-9DB91AC3BC51}.Debug|Any CPU.Build.0 = Debug|Any CPU
		{F7E125ED-E0D1-4673-819C-9DB91AC3BC51}.Release|Any CPU.ActiveCfg = Release|Any CPU
		{F7E125ED-E0D1-4673-819C-9DB91AC3BC51}.Release|Any CPU.Build.0 = Release|Any CPU
		{804EC1B5-4067-4A26-B563-6FD6A47A8EF7}.Debug|Any CPU.ActiveCfg = Debug|Any CPU
		{804EC1B5-4067-4A26-B563-6FD6A47A8EF7}.Debug|Any CPU.Build.0 = Debug|Any CPU
		{804EC1B5-4067-4A26-B563-6FD6A47A8EF7}.Release|Any CPU.ActiveCfg = Release|Any CPU
		{804EC1B5-4067-4A26-B563-6FD6A47A8EF7}.Release|Any CPU.Build.0 = Release|Any CPU
		{141DF9C8-7065-477F-8852-FAAE473B953D}.Debug|Any CPU.ActiveCfg = Debug|Any CPU
		{141DF9C8-7065-477F-8852-FAAE473B953D}.Debug|Any CPU.Build.0 = Debug|Any CPU
		{141DF9C8-7065-477F-8852-FAAE473B953D}.Release|Any CPU.ActiveCfg = Release|Any CPU
		{141DF9C8-7065-477F-8852-FAAE473B953D}.Release|Any CPU.Build.0 = Release|Any CPU
		{7CEC97C9-0F41-41A1-986F-6AFC079C8E24}.Debug|Any CPU.ActiveCfg = Debug|Any CPU
		{7CEC97C9-0F41-41A1-986F-6AFC079C8E24}.Debug|Any CPU.Build.0 = Debug|Any CPU
		{7CEC97C9-0F41-41A1-986F-6AFC079C8E24}.Release|Any CPU.ActiveCfg = Release|Any CPU
		{7CEC97C9-0F41-41A1-986F-6AFC079C8E24}.Release|Any CPU.Build.0 = Release|Any CPU
		{49C29F91-4750-4A9E-B056-4D56649B1342}.Debug|Any CPU.ActiveCfg = Debug|Any CPU
		{49C29F91-4750-4A9E-B056-4D56649B1342}.Debug|Any CPU.Build.0 = Debug|Any CPU
		{49C29F91-4750-4A9E-B056-4D56649B1342}.Release|Any CPU.ActiveCfg = Release|Any CPU
		{49C29F91-4750-4A9E-B056-4D56649B1342}.Release|Any CPU.Build.0 = Release|Any CPU
		{E1B6F378-AFA1-468D-962F-FEC41297B7BB}.Debug|Any CPU.ActiveCfg = Debug|Any CPU
		{E1B6F378-AFA1-468D-962F-FEC41297B7BB}.Debug|Any CPU.Build.0 = Debug|Any CPU
		{E1B6F378-AFA1-468D-962F-FEC41297B7BB}.Release|Any CPU.ActiveCfg = Release|Any CPU
		{E1B6F378-AFA1-468D-962F-FEC41297B7BB}.Release|Any CPU.Build.0 = Release|Any CPU
		{29FB0253-4B62-40B7-A731-FCBAE49E02E2}.Debug|Any CPU.ActiveCfg = Debug|Any CPU
		{29FB0253-4B62-40B7-A731-FCBAE49E02E2}.Debug|Any CPU.Build.0 = Debug|Any CPU
		{29FB0253-4B62-40B7-A731-FCBAE49E02E2}.Release|Any CPU.ActiveCfg = Release|Any CPU
		{29FB0253-4B62-40B7-A731-FCBAE49E02E2}.Release|Any CPU.Build.0 = Release|Any CPU
		{27CA752D-9550-4D77-8F1D-8F487AB0013A}.Debug|Any CPU.ActiveCfg = Debug|Any CPU
		{27CA752D-9550-4D77-8F1D-8F487AB0013A}.Debug|Any CPU.Build.0 = Debug|Any CPU
		{27CA752D-9550-4D77-8F1D-8F487AB0013A}.Release|Any CPU.ActiveCfg = Release|Any CPU
		{27CA752D-9550-4D77-8F1D-8F487AB0013A}.Release|Any CPU.Build.0 = Release|Any CPU
		{F09EE713-A613-46BF-8423-634AEBA74839}.Debug|Any CPU.ActiveCfg = Debug|Any CPU
		{F09EE713-A613-46BF-8423-634AEBA74839}.Debug|Any CPU.Build.0 = Debug|Any CPU
		{F09EE713-A613-46BF-8423-634AEBA74839}.Release|Any CPU.ActiveCfg = Release|Any CPU
		{F09EE713-A613-46BF-8423-634AEBA74839}.Release|Any CPU.Build.0 = Release|Any CPU
		{2223D744-4328-45A5-A43E-2B3ADF2F5094}.Debug|Any CPU.ActiveCfg = Debug|Any CPU
		{2223D744-4328-45A5-A43E-2B3ADF2F5094}.Debug|Any CPU.Build.0 = Debug|Any CPU
		{2223D744-4328-45A5-A43E-2B3ADF2F5094}.Release|Any CPU.ActiveCfg = Release|Any CPU
		{2223D744-4328-45A5-A43E-2B3ADF2F5094}.Release|Any CPU.Build.0 = Release|Any CPU
		{2BD1A8F6-44D2-470C-B51C-85F76DE68799}.Debug|Any CPU.ActiveCfg = Debug|Any CPU
		{2BD1A8F6-44D2-470C-B51C-85F76DE68799}.Debug|Any CPU.Build.0 = Debug|Any CPU
		{2BD1A8F6-44D2-470C-B51C-85F76DE68799}.Release|Any CPU.ActiveCfg = Release|Any CPU
		{2BD1A8F6-44D2-470C-B51C-85F76DE68799}.Release|Any CPU.Build.0 = Release|Any CPU
		{46E0B344-CA32-4D14-ACA8-4A52D2882EA1}.Debug|Any CPU.ActiveCfg = Debug|Any CPU
		{46E0B344-CA32-4D14-ACA8-4A52D2882EA1}.Debug|Any CPU.Build.0 = Debug|Any CPU
		{46E0B344-CA32-4D14-ACA8-4A52D2882EA1}.Release|Any CPU.ActiveCfg = Release|Any CPU
		{46E0B344-CA32-4D14-ACA8-4A52D2882EA1}.Release|Any CPU.Build.0 = Release|Any CPU
		{CF7ABF86-50B4-4492-B2B2-92BCC4D0A7BA}.Debug|Any CPU.ActiveCfg = Debug|Any CPU
		{CF7ABF86-50B4-4492-B2B2-92BCC4D0A7BA}.Debug|Any CPU.Build.0 = Debug|Any CPU
		{CF7ABF86-50B4-4492-B2B2-92BCC4D0A7BA}.Release|Any CPU.ActiveCfg = Release|Any CPU
		{CF7ABF86-50B4-4492-B2B2-92BCC4D0A7BA}.Release|Any CPU.Build.0 = Release|Any CPU
		{00808D3D-E9ED-4772-84DF-DCA2DBC21885}.Debug|Any CPU.ActiveCfg = Debug|Any CPU
		{00808D3D-E9ED-4772-84DF-DCA2DBC21885}.Debug|Any CPU.Build.0 = Debug|Any CPU
		{00808D3D-E9ED-4772-84DF-DCA2DBC21885}.Release|Any CPU.ActiveCfg = Release|Any CPU
		{00808D3D-E9ED-4772-84DF-DCA2DBC21885}.Release|Any CPU.Build.0 = Release|Any CPU
	EndGlobalSection
	GlobalSection(SolutionProperties) = preSolution
		HideSolutionNode = FALSE
	EndGlobalSection
	GlobalSection(NestedProjects) = preSolution
		{C9529BA1-9C4B-4183-84BD-18B45A8EDED6} = {8B502703-1E96-4D7A-A9B2-604EB2DC237A}
		{266444B4-9EE7-485C-A55D-CEB25D725E9A} = {C9529BA1-9C4B-4183-84BD-18B45A8EDED6}
		{458C2EFB-54D5-4797-B126-179E78219BD5} = {266444B4-9EE7-485C-A55D-CEB25D725E9A}
		{2522246F-4C35-4A88-A6D9-9A1CC47A3F05} = {458C2EFB-54D5-4797-B126-179E78219BD5}
		{BD7AAA13-628C-4CD7-A748-6539C09523B1} = {266444B4-9EE7-485C-A55D-CEB25D725E9A}
		{E386353A-4DD7-40D6-89DC-A2506EE4E358} = {BD7AAA13-628C-4CD7-A748-6539C09523B1}
		{B53A3ACF-5638-4B7D-A879-6D3E634980EE} = {266444B4-9EE7-485C-A55D-CEB25D725E9A}
		{63DB4919-ABD6-4D84-9E2C-83065BF734F8} = {B53A3ACF-5638-4B7D-A879-6D3E634980EE}
		{F2433FF0-AD4D-4508-A8FE-0329A4EF7508} = {266444B4-9EE7-485C-A55D-CEB25D725E9A}
		{C7E5EE42-22E1-4BC9-8462-BA737D69E4FD} = {F2433FF0-AD4D-4508-A8FE-0329A4EF7508}
		{BC62CD34-73B5-4E9B-9D99-C34FD0F34A8A} = {266444B4-9EE7-485C-A55D-CEB25D725E9A}
		{48F201B0-CE7D-4F1E-8A9A-F91AA4DA23DE} = {BC62CD34-73B5-4E9B-9D99-C34FD0F34A8A}
		{3D36FC6D-FFF8-4AEE-A751-2D248CC5C4E7} = {266444B4-9EE7-485C-A55D-CEB25D725E9A}
		{AAC74616-8F27-4AF0-9B2F-651EAB7561D7} = {3D36FC6D-FFF8-4AEE-A751-2D248CC5C4E7}
		{7FC24C95-0E2B-4381-BF83-F0F9D97F3D8E} = {C9529BA1-9C4B-4183-84BD-18B45A8EDED6}
		{1E000171-8695-41BB-B559-AE4785367C77} = {7FC24C95-0E2B-4381-BF83-F0F9D97F3D8E}
		{488FF9C1-43E9-4695-8AA6-8FAD3FAB793A} = {7FC24C95-0E2B-4381-BF83-F0F9D97F3D8E}
		{9877E084-59D5-41F3-B9C3-36ACFAB264EB} = {7FC24C95-0E2B-4381-BF83-F0F9D97F3D8E}
		{51AC34F2-73B5-47B2-ADEA-61AC1360F5E8} = {7FC24C95-0E2B-4381-BF83-F0F9D97F3D8E}
		{0C6969F9-4F4B-413C-AD8B-A3FA5E476D1B} = {51AC34F2-73B5-47B2-ADEA-61AC1360F5E8}
		{5AB674E5-754C-43EA-BDFA-47B54F9EFD5F} = {0C6969F9-4F4B-413C-AD8B-A3FA5E476D1B}
		{6A3F0094-27A5-4D48-ABF5-47D96B11CF35} = {5AB674E5-754C-43EA-BDFA-47B54F9EFD5F}
		{6EB53F7F-5407-4070-BC5D-B206334F3337} = {6A3F0094-27A5-4D48-ABF5-47D96B11CF35}
		{F7E125ED-E0D1-4673-819C-9DB91AC3BC51} = {6A3F0094-27A5-4D48-ABF5-47D96B11CF35}
		{804EC1B5-4067-4A26-B563-6FD6A47A8EF7} = {6A3F0094-27A5-4D48-ABF5-47D96B11CF35}
		{141DF9C8-7065-477F-8852-FAAE473B953D} = {6A3F0094-27A5-4D48-ABF5-47D96B11CF35}
		{CF7C1161-853F-4A9A-B0A9-873E3C1B03E1} = {7FC24C95-0E2B-4381-BF83-F0F9D97F3D8E}
		{7CEC97C9-0F41-41A1-986F-6AFC079C8E24} = {CF7C1161-853F-4A9A-B0A9-873E3C1B03E1}
		{49C29F91-4750-4A9E-B056-4D56649B1342} = {CF7C1161-853F-4A9A-B0A9-873E3C1B03E1}
		{E1B6F378-AFA1-468D-962F-FEC41297B7BB} = {CF7C1161-853F-4A9A-B0A9-873E3C1B03E1}
		{29FB0253-4B62-40B7-A731-FCBAE49E02E2} = {CF7C1161-853F-4A9A-B0A9-873E3C1B03E1}
		{8B8DD2AF-C5B0-489E-AFFB-9708A1384A7A} = {C9529BA1-9C4B-4183-84BD-18B45A8EDED6}
		{5F3D46A0-C435-4F98-AF9D-19C4C0DE8F0A} = {8B8DD2AF-C5B0-489E-AFFB-9708A1384A7A}
		{27CA752D-9550-4D77-8F1D-8F487AB0013A} = {5F3D46A0-C435-4F98-AF9D-19C4C0DE8F0A}
		{80935B80-ADCC-4937-A13B-CADCF5770F94} = {8B8DD2AF-C5B0-489E-AFFB-9708A1384A7A}
		{F09EE713-A613-46BF-8423-634AEBA74839} = {80935B80-ADCC-4937-A13B-CADCF5770F94}
		{AE72785E-A170-4A1C-8CC4-B816364E32B6} = {8B8DD2AF-C5B0-489E-AFFB-9708A1384A7A}
		{2223D744-4328-45A5-A43E-2B3ADF2F5094} = {AE72785E-A170-4A1C-8CC4-B816364E32B6}
		{4154FE41-1AE2-4814-B0D7-DA12A56A22FD} = {8B8DD2AF-C5B0-489E-AFFB-9708A1384A7A}
		{2BD1A8F6-44D2-470C-B51C-85F76DE68799} = {4154FE41-1AE2-4814-B0D7-DA12A56A22FD}
		{BA3A3AEA-9DC9-4210-AE42-B20605C42E87} = {8B8DD2AF-C5B0-489E-AFFB-9708A1384A7A}
		{46E0B344-CA32-4D14-ACA8-4A52D2882EA1} = {BA3A3AEA-9DC9-4210-AE42-B20605C42E87}
		{3E600DCB-210E-4244-B22D-6F0241E9948A} = {8B8DD2AF-C5B0-489E-AFFB-9708A1384A7A}
		{CF7ABF86-50B4-4492-B2B2-92BCC4D0A7BA} = {3E600DCB-210E-4244-B22D-6F0241E9948A}
		{3AEDBE21-D66C-4B8E-A228-28DAF6F971E2} = {8B8DD2AF-C5B0-489E-AFFB-9708A1384A7A}
		{00808D3D-E9ED-4772-84DF-DCA2DBC21885} = {3AEDBE21-D66C-4B8E-A228-28DAF6F971E2}
	EndGlobalSection
	GlobalSection(ExtensibilityGlobals) = postSolution
		SolutionGuid = {584FA0DF-3EC2-43F2-B96D-94DAFA90DB31}
	EndGlobalSection
EndGlobal
